
Microsoft Visual Studio Solution File, Format Version 12.00
# Visual Studio Version 16
VisualStudioVersion = 16.0.29326.143
MinimumVisualStudioVersion = 10.0.40219.1
Project("{9A19103F-16F7-4668-BE54-9A1E7A4F7556}") = "Task.Notification", "Task.Notification\Task.Notification.csproj", "{3819A3D7-3C4D-4224-B76B-D3B322F97550}"
EndProject
Project("{9A19103F-16F7-4668-BE54-9A1E7A4F7556}") = "Task.Notification.Tests", "Task.Notification.Tests\Task.Notification.Tests.csproj", "{53C7E672-0548-40E9-A8D7-8D50B243DB87}"
EndProject
Global
	GlobalSection(SolutionConfigurationPlatforms) = preSolution
		Debug|Any CPU = Debug|Any CPU
		Release|Any CPU = Release|Any CPU
	EndGlobalSection
	GlobalSection(ProjectConfigurationPlatforms) = postSolution
		{3819A3D7-3C4D-4224-B76B-D3B322F97550}.Debug|Any CPU.ActiveCfg = Debug|Any CPU
		{3819A3D7-3C4D-4224-B76B-D3B322F97550}.Debug|Any CPU.Build.0 = Debug|Any CPU
		{3819A3D7-3C4D-4224-B76B-D3B322F97550}.Release|Any CPU.ActiveCfg = Release|Any CPU
		{3819A3D7-3C4D-4224-B76B-D3B322F97550}.Release|Any CPU.Build.0 = Release|Any CPU
		{53C7E672-0548-40E9-A8D7-8D50B243DB87}.Debug|Any CPU.ActiveCfg = Debug|Any CPU
		{53C7E672-0548-40E9-A8D7-8D50B243DB87}.Debug|Any CPU.Build.0 = Debug|Any CPU
		{53C7E672-0548-40E9-A8D7-8D50B243DB87}.Release|Any CPU.ActiveCfg = Release|Any CPU
		{53C7E672-0548-40E9-A8D7-8D50B243DB87}.Release|Any CPU.Build.0 = Release|Any CPU
	EndGlobalSection
	GlobalSection(SolutionProperties) = preSolution
		HideSolutionNode = FALSE
	EndGlobalSection
	GlobalSection(ExtensibilityGlobals) = postSolution
		SolutionGuid = {C0BDB294-3A79-4249-834A-DC907976B97A}
	EndGlobalSection
EndGlobal
